
Microsoft Visual Studio Solution File, Format Version 12.00
# Visual Studio Version 17
VisualStudioVersion = 17.13.35825.156
MinimumVisualStudioVersion = 10.0.40219.1
Project("{FAE04EC0-301F-11D3-BF4B-00C04F79EFBC}") = "UintsOfWorkTestWithDapper", "UintsOfWorkTest\UintsOfWorkTestWithDapper.csproj", "{A81EC947-81EE-4B71-89E9-3D1497EF5980}"
EndProject
Global
	GlobalSection(SolutionConfigurationPlatforms) = preSolution
		Debug|Any CPU = Debug|Any CPU
		Release|Any CPU = Release|Any CPU
	EndGlobalSection
	GlobalSection(ProjectConfigurationPlatforms) = postSolution
		{A81EC947-81EE-4B71-89E9-3D1497EF5980}.Debug|Any CPU.ActiveCfg = Debug|Any CPU
		{A81EC947-81EE-4B71-89E9-3D1497EF5980}.Debug|Any CPU.Build.0 = Debug|Any CPU
		{A81EC947-81EE-4B71-89E9-3D1497EF5980}.Release|Any CPU.ActiveCfg = Release|Any CPU
		{A81EC947-81EE-4B71-89E9-3D1497EF5980}.Release|Any CPU.Build.0 = Release|Any CPU
	EndGlobalSection
	GlobalSection(SolutionProperties) = preSolution
		HideSolutionNode = FALSE
	EndGlobalSection
	GlobalSection(ExtensibilityGlobals) = postSolution
		SolutionGuid = {BE7FB93C-B791-4EC7-892D-9FABAF6DD63C}
	EndGlobalSection
EndGlobal
